{
  "version": 4,
  "terraform_version": "1.5.7",
  "serial": 30,
  "lineage": "c20b3bac-73f4-1b23-d093-4e30e301cf02",
  "outputs": {
    "backend-ip-address": {
      "value": "34.151.68.127",
      "type": "string"
    },
    "frontend-ip-address": {
      "value": "35.189.46.145",
      "type": "string"
    }
  },
  "resources": [
    {
      "mode": "managed",
      "type": "google_compute_firewall",
      "name": "allow_ports_3000",
      "provider": "provider[\"registry.terraform.io/hashicorp/google\"]",
      "instances": [
        {
          "schema_version": 1,
          "attributes": {
            "allow": [
              {
                "ports": [
                  "3000"
                ],
                "protocol": "tcp"
              }
            ],
            "creation_timestamp": "2023-10-16T21:07:57.781-07:00",
            "deny": [],
            "description": "",
            "destination_ranges": [],
            "direction": "INGRESS",
            "disabled": false,
            "enable_logging": null,
            "id": "projects/rapid-chassis-402302/global/firewalls/allow-ports-3000",
            "log_config": [],
            "name": "allow-ports-3000",
            "network": "https://www.googleapis.com/compute/v1/projects/rapid-chassis-402302/global/networks/default",
            "priority": 1000,
            "project": "rapid-chassis-402302",
            "self_link": "https://www.googleapis.com/compute/v1/projects/rapid-chassis-402302/global/firewalls/allow-ports-3000",
            "source_ranges": [
              "0.0.0.0/0"
            ],
            "source_service_accounts": [],
            "source_tags": [],
            "target_service_accounts": [],
            "target_tags": [],
            "timeouts": null
          },
          "sensitive_attributes": [],
          "private": "eyJlMmJmYjczMC1lY2FhLTExZTYtOGY4OC0zNDM2M2JjN2M0YzAiOnsiY3JlYXRlIjoxMjAwMDAwMDAwMDAwLCJkZWxldGUiOjEyMDAwMDAwMDAwMDAsInVwZGF0ZSI6MTIwMDAwMDAwMDAwMH0sInNjaGVtYV92ZXJzaW9uIjoiMSJ9"
        }
      ]
    },
    {
      "mode": "managed",
      "type": "google_compute_firewall",
      "name": "allow_ports_8080",
      "provider": "provider[\"registry.terraform.io/hashicorp/google\"]",
      "instances": [
        {
          "schema_version": 1,
          "attributes": {
            "allow": [
              {
                "ports": [
                  "8080"
                ],
                "protocol": "tcp"
              }
            ],
            "creation_timestamp": "2023-10-16T21:07:57.648-07:00",
            "deny": [],
            "description": "",
            "destination_ranges": [],
            "direction": "INGRESS",
            "disabled": false,
            "enable_logging": null,
            "id": "projects/rapid-chassis-402302/global/firewalls/allow-ports-8080",
            "log_config": [],
            "name": "allow-ports-8080",
            "network": "https://www.googleapis.com/compute/v1/projects/rapid-chassis-402302/global/networks/default",
            "priority": 1000,
            "project": "rapid-chassis-402302",
            "self_link": "https://www.googleapis.com/compute/v1/projects/rapid-chassis-402302/global/firewalls/allow-ports-8080",
            "source_ranges": [
              "0.0.0.0/0"
            ],
            "source_service_accounts": [],
            "source_tags": [],
            "target_service_accounts": [],
            "target_tags": [],
            "timeouts": null
          },
          "sensitive_attributes": [],
          "private": "eyJlMmJmYjczMC1lY2FhLTExZTYtOGY4OC0zNDM2M2JjN2M0YzAiOnsiY3JlYXRlIjoxMjAwMDAwMDAwMDAwLCJkZWxldGUiOjEyMDAwMDAwMDAwMDAsInVwZGF0ZSI6MTIwMDAwMDAwMDAwMH0sInNjaGVtYV92ZXJzaW9uIjoiMSJ9"
        }
      ]
    },
    {
      "mode": "managed",
      "type": "google_compute_instance",
      "name": "backend-vm-from-terraform",
      "provider": "provider[\"registry.terraform.io/hashicorp/google\"]",
      "instances": [
        {
          "schema_version": 6,
          "attributes": {
            "advanced_machine_features": [],
            "allow_stopping_for_update": null,
            "attached_disk": [],
            "boot_disk": [
              {
                "auto_delete": true,
                "device_name": "persistent-disk-0",
                "disk_encryption_key_raw": "",
                "disk_encryption_key_sha256": "",
                "initialize_params": [
                  {
                    "image": "https://www.googleapis.com/compute/v1/projects/debian-cloud/global/images/debian-11-bullseye-v20231010",
                    "labels": {
                      "my_label": "value"
                    },
                    "resource_manager_tags": {},
                    "size": 10,
                    "type": "pd-standard"
                  }
                ],
                "kms_key_self_link": "",
                "mode": "READ_WRITE",
                "source": "https://www.googleapis.com/compute/v1/projects/rapid-chassis-402302/zones/australia-southeast1-a/disks/backend-vm-from-terraform"
              }
            ],
            "can_ip_forward": false,
            "confidential_instance_config": [],
            "cpu_platform": "Intel Broadwell",
            "current_status": "RUNNING",
            "deletion_protection": false,
            "description": "",
            "desired_status": null,
            "effective_labels": {},
            "enable_display": false,
            "guest_accelerator": [],
            "hostname": "",
            "id": "projects/rapid-chassis-402302/zones/australia-southeast1-a/instances/backend-vm-from-terraform",
            "instance_id": "7573779379118126212",
            "label_fingerprint": "42WmSpB8rSM=",
            "labels": {},
            "machine_type": "e2-medium",
            "metadata": {},
            "metadata_fingerprint": "re0V8S_l79g=",
            "metadata_startup_script": "#!/bin/bash\nif [ ! -f /var/run/my_script_ran_before ]; then\n    # Mark that the script has run before\n    sudo touch /var/run/my_script_ran_before\n\n    # Install the Ops Agent\n    curl -sSO https://dl.google.com/cloudagents/add-google-cloud-ops-agent-repo.sh\n    sudo bash add-google-cloud-ops-agent-repo.sh --also-install\n    sudo apt-get update\n    sudo apt-get -y install ops-agent\n\n    # Execute the desired script\n    cd /\n    wget https://go.dev/dl/go1.21.3.linux-amd64.tar.gz\n    tar -C /usr/local -xzf go1.21.3.linux-amd64.tar.gz\n    mkdir /root/go\n    export GOPATH=/root/go\n    export GOCACHE=/root/go/cache\n    apt-get -y update\n    apt-get -y install pip\n    apt-get -y install git\n    apt-get -y install golang\n    apt-get -y install gnupg curl\n    curl -fsSL https://pgp.mongodb.com/server-7.0.asc | gpg -o /usr/share/keyrings/mongodb-server-7.0.gpg --dearmor\n    echo \"deb [ signed-by=/usr/share/keyrings/mongodb-server-7.0.gpg ] http://repo.mongodb.org/apt/debian bullseye/mongodb-org/7.0 main\" | tee /etc/apt/sources.list.d/mongodb-org-7.0.list\n    apt-get -y update\n    apt-get install -y mongodb-org\n    echo \"mongodb-org hold\" | dpkg --set-selections\n    echo \"mongodb-org-database hold\" | dpkg --set-selections\n    echo \"mongodb-org-server hold\" | dpkg --set-selections\n    echo \"mongodb-mongosh hold\" | dpkg --set-selections\n    echo \"mongodb-org-mongos hold\" | dpkg --set-selections\n    echo \"mongodb-org-tools hold\" | dpkg --set-selections\n    systemctl start mongod\n    systemctl daemon-reload\n    systemctl enable mongod\n    cd /\n    git clone https://github.com/yilong100/GoApp.git\n    cd /\n    cd GoApp/backend/\n    go mod init github.com/yilong100/GoApp.git\n    go build\n    ./GoPractice \u0026\nfi\n",
            "min_cpu_platform": "",
            "name": "backend-vm-from-terraform",
            "network_interface": [
              {
                "access_config": [
                  {
                    "nat_ip": "34.151.68.127",
                    "network_tier": "PREMIUM",
                    "public_ptr_domain_name": ""
                  }
                ],
                "alias_ip_range": [],
                "internal_ipv6_prefix_length": 0,
                "ipv6_access_config": [],
                "ipv6_access_type": "",
                "ipv6_address": "",
                "name": "nic0",
                "network": "https://www.googleapis.com/compute/v1/projects/rapid-chassis-402302/global/networks/default",
                "network_ip": "10.152.0.6",
                "nic_type": "",
                "queue_count": 0,
                "stack_type": "IPV4_ONLY",
                "subnetwork": "https://www.googleapis.com/compute/v1/projects/rapid-chassis-402302/regions/australia-southeast1/subnetworks/default",
                "subnetwork_project": "rapid-chassis-402302"
              }
            ],
            "network_performance_config": [],
            "params": [],
            "project": "rapid-chassis-402302",
            "reservation_affinity": [],
            "resource_policies": [],
            "scheduling": [
              {
                "automatic_restart": true,
                "instance_termination_action": "",
                "local_ssd_recovery_timeout": [],
                "min_node_cpus": 0,
                "node_affinities": [],
                "on_host_maintenance": "MIGRATE",
                "preemptible": false,
                "provisioning_model": "STANDARD"
              }
            ],
            "scratch_disk": [],
            "self_link": "https://www.googleapis.com/compute/v1/projects/rapid-chassis-402302/zones/australia-southeast1-a/instances/backend-vm-from-terraform",
            "service_account": [],
            "shielded_instance_config": [
              {
                "enable_integrity_monitoring": true,
                "enable_secure_boot": false,
                "enable_vtpm": true
              }
            ],
            "tags": [],
            "tags_fingerprint": "42WmSpB8rSM=",
            "terraform_labels": {},
            "timeouts": null,
            "zone": "australia-southeast1-a"
          },
          "sensitive_attributes": [],
          "private": "eyJlMmJmYjczMC1lY2FhLTExZTYtOGY4OC0zNDM2M2JjN2M0YzAiOnsiY3JlYXRlIjoxMjAwMDAwMDAwMDAwLCJkZWxldGUiOjEyMDAwMDAwMDAwMDAsInVwZGF0ZSI6MTIwMDAwMDAwMDAwMH0sInNjaGVtYV92ZXJzaW9uIjoiNiJ9"
        }
      ]
    },
    {
      "mode": "managed",
      "type": "google_compute_instance",
      "name": "frontend-vm-from-terraform",
      "provider": "provider[\"registry.terraform.io/hashicorp/google\"]",
      "instances": [
        {
          "schema_version": 6,
          "attributes": {
            "advanced_machine_features": [],
            "allow_stopping_for_update": null,
            "attached_disk": [],
            "boot_disk": [
              {
                "auto_delete": true,
                "device_name": "persistent-disk-0",
                "disk_encryption_key_raw": "",
                "disk_encryption_key_sha256": "",
                "initialize_params": [
                  {
                    "image": "https://www.googleapis.com/compute/v1/projects/debian-cloud/global/images/debian-11-bullseye-v20231010",
                    "labels": {
                      "my_label": "value"
                    },
                    "resource_manager_tags": {},
                    "size": 10,
                    "type": "pd-standard"
                  }
                ],
                "kms_key_self_link": "",
                "mode": "READ_WRITE",
                "source": "https://www.googleapis.com/compute/v1/projects/rapid-chassis-402302/zones/australia-southeast1-a/disks/frontend-vm-from-terraform"
              }
            ],
            "can_ip_forward": false,
            "confidential_instance_config": [],
            "cpu_platform": "Intel Broadwell",
            "current_status": "RUNNING",
            "deletion_protection": false,
            "description": "",
            "desired_status": null,
            "effective_labels": {},
            "enable_display": false,
            "guest_accelerator": [],
            "hostname": "",
            "id": "projects/rapid-chassis-402302/zones/australia-southeast1-a/instances/frontend-vm-from-terraform",
            "instance_id": "2729271571645707412",
            "label_fingerprint": "42WmSpB8rSM=",
            "labels": {},
            "machine_type": "e2-medium",
            "metadata": {},
            "metadata_fingerprint": "Xo0OaLRvZF4=",
            "metadata_startup_script": "#!/bin/bash\nif [ ! -f /var/run/my_script_ran_before ]; then\n    # Mark that the script has run before\n    sudo touch /var/run/my_script_ran_before\n\n    # Install the Ops Agent\n    curl -sSO https://dl.google.com/cloudagents/add-google-cloud-ops-agent-repo.sh\n    sudo bash add-google-cloud-ops-agent-repo.sh --also-install\n    sudo apt-get update\n    sudo apt-get -y install ops-agent\n\n    # Execute the desired script\n    cd /\n    apt-get -y update\n    apt-get -y install pip\n    apt-get -y install git\n    apt-get -y install npm\n    cd /\n    git clone https://github.com/yilong100/GoApp.git\n    cd /\n    cd GoApp/frontend/react-app/\n    npm install\n    npm start\nfi\n",
            "min_cpu_platform": "",
            "name": "frontend-vm-from-terraform",
            "network_interface": [
              {
                "access_config": [
                  {
                    "nat_ip": "35.189.46.145",
                    "network_tier": "PREMIUM",
                    "public_ptr_domain_name": ""
                  }
                ],
                "alias_ip_range": [],
                "internal_ipv6_prefix_length": 0,
                "ipv6_access_config": [],
                "ipv6_access_type": "",
                "ipv6_address": "",
                "name": "nic0",
                "network": "https://www.googleapis.com/compute/v1/projects/rapid-chassis-402302/global/networks/default",
                "network_ip": "10.152.0.7",
                "nic_type": "",
                "queue_count": 0,
                "stack_type": "IPV4_ONLY",
                "subnetwork": "https://www.googleapis.com/compute/v1/projects/rapid-chassis-402302/regions/australia-southeast1/subnetworks/default",
                "subnetwork_project": "rapid-chassis-402302"
              }
            ],
            "network_performance_config": [],
            "params": [],
            "project": "rapid-chassis-402302",
            "reservation_affinity": [],
            "resource_policies": [],
            "scheduling": [
              {
                "automatic_restart": true,
                "instance_termination_action": "",
                "local_ssd_recovery_timeout": [],
                "min_node_cpus": 0,
                "node_affinities": [],
                "on_host_maintenance": "MIGRATE",
                "preemptible": false,
                "provisioning_model": "STANDARD"
              }
            ],
            "scratch_disk": [],
            "self_link": "https://www.googleapis.com/compute/v1/projects/rapid-chassis-402302/zones/australia-southeast1-a/instances/frontend-vm-from-terraform",
            "service_account": [],
            "shielded_instance_config": [
              {
                "enable_integrity_monitoring": true,
                "enable_secure_boot": false,
                "enable_vtpm": true
              }
            ],
            "tags": [],
            "tags_fingerprint": "42WmSpB8rSM=",
            "terraform_labels": {},
            "timeouts": null,
            "zone": "australia-southeast1-a"
          },
          "sensitive_attributes": [],
          "private": "eyJlMmJmYjczMC1lY2FhLTExZTYtOGY4OC0zNDM2M2JjN2M0YzAiOnsiY3JlYXRlIjoxMjAwMDAwMDAwMDAwLCJkZWxldGUiOjEyMDAwMDAwMDAwMDAsInVwZGF0ZSI6MTIwMDAwMDAwMDAwMH0sInNjaGVtYV92ZXJzaW9uIjoiNiJ9",
          "dependencies": [
            "google_compute_instance.backend-vm-from-terraform"
          ]
        }
      ]
    },
    {
      "mode": "managed",
      "type": "null_resource",
      "name": "save_backend_ip_to_file",
      "provider": "provider[\"registry.terraform.io/hashicorp/null\"]",
      "instances": [
        {
          "schema_version": 0,
          "attributes": {
            "id": "7038162036219124120",
            "triggers": {
              "instance_id": "projects/rapid-chassis-402302/zones/australia-southeast1-a/instances/backend-vm-from-terraform"
            }
          },
          "sensitive_attributes": [],
          "dependencies": [
            "google_compute_instance.backend-vm-from-terraform"
          ]
        }
      ]
    },
    {
      "mode": "managed",
      "type": "null_resource",
      "name": "save_frontend_ip_to_file",
      "provider": "provider[\"registry.terraform.io/hashicorp/null\"]",
      "instances": [
        {
          "schema_version": 0,
          "attributes": {
            "id": "4642964217642178360",
            "triggers": {
              "instance_id": "projects/rapid-chassis-402302/zones/australia-southeast1-a/instances/frontend-vm-from-terraform"
            }
          },
          "sensitive_attributes": [],
          "dependencies": [
            "google_compute_instance.backend-vm-from-terraform",
            "google_compute_instance.frontend-vm-from-terraform"
          ]
        }
      ]
    }
  ],
  "check_results": null
}
