{
  "version": 4,
  "terraform_version": "1.6.1",
  "serial": 51,
  "lineage": "bebab807-8d5b-ad49-42e6-7954058f4e9e",
  "outputs": {
    "backend-ip-address": {
      "value": "34.87.228.160",
      "type": "string"
    },
    "frontend-ip-address": {
      "value": "35.244.104.175",
      "type": "string"
    }
  },
  "resources": [
    {
      "mode": "managed",
      "type": "google_compute_firewall",
      "name": "allow_ports_3000",
      "provider": "provider[\"registry.terraform.io/hashicorp/google\"]",
      "instances": [
        {
          "schema_version": 1,
          "attributes": {
            "allow": [
              {
                "ports": [
                  "3000"
                ],
                "protocol": "tcp"
              }
            ],
            "creation_timestamp": "2023-10-17T16:44:58.063-07:00",
            "deny": [],
            "description": "",
            "destination_ranges": [],
            "direction": "INGRESS",
            "disabled": false,
            "enable_logging": null,
            "id": "projects/impactful-post-402223/global/firewalls/allow-ports-3000",
            "log_config": [],
            "name": "allow-ports-3000",
            "network": "https://www.googleapis.com/compute/v1/projects/impactful-post-402223/global/networks/default",
            "priority": 1000,
            "project": "impactful-post-402223",
            "self_link": "https://www.googleapis.com/compute/v1/projects/impactful-post-402223/global/firewalls/allow-ports-3000",
            "source_ranges": [
              "0.0.0.0/0"
            ],
            "source_service_accounts": null,
            "source_tags": null,
            "target_service_accounts": null,
            "target_tags": null,
            "timeouts": null
          },
          "sensitive_attributes": [],
          "private": "eyJlMmJmYjczMC1lY2FhLTExZTYtOGY4OC0zNDM2M2JjN2M0YzAiOnsiY3JlYXRlIjoxMjAwMDAwMDAwMDAwLCJkZWxldGUiOjEyMDAwMDAwMDAwMDAsInVwZGF0ZSI6MTIwMDAwMDAwMDAwMH0sInNjaGVtYV92ZXJzaW9uIjoiMSJ9"
        }
      ]
    },
    {
      "mode": "managed",
      "type": "google_compute_firewall",
      "name": "allow_ports_8080",
      "provider": "provider[\"registry.terraform.io/hashicorp/google\"]",
      "instances": [
        {
          "schema_version": 1,
          "attributes": {
            "allow": [
              {
                "ports": [
                  "8080"
                ],
                "protocol": "tcp"
              }
            ],
            "creation_timestamp": "2023-10-17T16:44:57.740-07:00",
            "deny": [],
            "description": "",
            "destination_ranges": [],
            "direction": "INGRESS",
            "disabled": false,
            "enable_logging": null,
            "id": "projects/impactful-post-402223/global/firewalls/allow-ports-8080",
            "log_config": [],
            "name": "allow-ports-8080",
            "network": "https://www.googleapis.com/compute/v1/projects/impactful-post-402223/global/networks/default",
            "priority": 1000,
            "project": "impactful-post-402223",
            "self_link": "https://www.googleapis.com/compute/v1/projects/impactful-post-402223/global/firewalls/allow-ports-8080",
            "source_ranges": [
              "0.0.0.0/0"
            ],
            "source_service_accounts": null,
            "source_tags": null,
            "target_service_accounts": null,
            "target_tags": null,
            "timeouts": null
          },
          "sensitive_attributes": [],
          "private": "eyJlMmJmYjczMC1lY2FhLTExZTYtOGY4OC0zNDM2M2JjN2M0YzAiOnsiY3JlYXRlIjoxMjAwMDAwMDAwMDAwLCJkZWxldGUiOjEyMDAwMDAwMDAwMDAsInVwZGF0ZSI6MTIwMDAwMDAwMDAwMH0sInNjaGVtYV92ZXJzaW9uIjoiMSJ9"
        }
      ]
    },
    {
      "mode": "managed",
      "type": "google_compute_instance",
      "name": "backend-vm-from-terraform",
      "provider": "provider[\"registry.terraform.io/hashicorp/google\"]",
      "instances": [
        {
          "schema_version": 6,
          "attributes": {
            "advanced_machine_features": [],
            "allow_stopping_for_update": null,
            "attached_disk": [],
            "boot_disk": [
              {
                "auto_delete": true,
                "device_name": "persistent-disk-0",
                "disk_encryption_key_raw": "",
                "disk_encryption_key_sha256": "",
                "initialize_params": [
                  {
                    "image": "https://www.googleapis.com/compute/v1/projects/debian-cloud/global/images/debian-11-bullseye-v20231010",
                    "labels": {
                      "my_label": "value"
                    },
                    "resource_manager_tags": null,
                    "size": 10,
                    "type": "pd-standard"
                  }
                ],
                "kms_key_self_link": "",
                "mode": "READ_WRITE",
                "source": "https://www.googleapis.com/compute/v1/projects/impactful-post-402223/zones/australia-southeast1-a/disks/backend-vm-from-terraform"
              }
            ],
            "can_ip_forward": false,
            "confidential_instance_config": [],
            "cpu_platform": "Intel Broadwell",
            "current_status": "RUNNING",
            "deletion_protection": false,
            "description": "",
            "desired_status": null,
            "effective_labels": {},
            "enable_display": false,
            "guest_accelerator": [],
            "hostname": "",
            "id": "projects/impactful-post-402223/zones/australia-southeast1-a/instances/backend-vm-from-terraform",
            "instance_id": "7213785734447276691",
            "label_fingerprint": "42WmSpB8rSM=",
            "labels": null,
            "machine_type": "e2-medium",
            "metadata": null,
            "metadata_fingerprint": "rtRpK9OAuJE=",
            "metadata_startup_script": "#!/bin/bash\r\nif [ ! -f /var/run/my_script_ran_before ]; then\r\n    # Mark that the script has run before\r\n    sudo touch /var/run/my_script_ran_before\r\n\r\n    # Install the Ops Agent\r\n    curl -sSO https://dl.google.com/cloudagents/add-google-cloud-ops-agent-repo.sh\r\n    sudo bash add-google-cloud-ops-agent-repo.sh --also-install\r\n    sudo apt-get update\r\n    sudo apt-get -y install ops-agent\r\n\r\n    # Execute the desired script\r\n    cd /\r\n    wget https://go.dev/dl/go1.21.3.linux-amd64.tar.gz\r\n    tar -C /usr/local -xzf go1.21.3.linux-amd64.tar.gz\r\n    mkdir /root/go\r\n    export GOPATH=/root/go\r\n    export GOCACHE=/root/go/cache\r\n    apt-get -y update\r\n    apt-get -y install pip\r\n    apt-get -y install git\r\n    apt-get -y install golang\r\n    apt-get -y install gnupg curl\r\n    curl -fsSL https://pgp.mongodb.com/server-7.0.asc | gpg -o /usr/share/keyrings/mongodb-server-7.0.gpg --dearmor\r\n    echo \"deb [ signed-by=/usr/share/keyrings/mongodb-server-7.0.gpg ] http://repo.mongodb.org/apt/debian bullseye/mongodb-org/7.0 main\" | tee /etc/apt/sources.list.d/mongodb-org-7.0.list\r\n    apt-get -y update\r\n    apt-get install -y mongodb-org\r\n    echo \"mongodb-org hold\" | dpkg --set-selections\r\n    echo \"mongodb-org-database hold\" | dpkg --set-selections\r\n    echo \"mongodb-org-server hold\" | dpkg --set-selections\r\n    echo \"mongodb-mongosh hold\" | dpkg --set-selections\r\n    echo \"mongodb-org-mongos hold\" | dpkg --set-selections\r\n    echo \"mongodb-org-tools hold\" | dpkg --set-selections\r\n    systemctl start mongod\r\n    systemctl daemon-reload\r\n    systemctl enable mongod\r\n    cd /\r\n    git clone https://github.com/yilong100/GoApp.git\r\n    cd /\r\n    cd GoApp/backend/\r\n    go mod init github.com/yilong100/GoApp.git\r\n    go build\r\n    ./GoPractice \u0026\r\nfi\r\n",
            "min_cpu_platform": "",
            "name": "backend-vm-from-terraform",
            "network_interface": [
              {
                "access_config": [
                  {
                    "nat_ip": "34.87.228.160",
                    "network_tier": "PREMIUM",
                    "public_ptr_domain_name": ""
                  }
                ],
                "alias_ip_range": [],
                "internal_ipv6_prefix_length": 0,
                "ipv6_access_config": [],
                "ipv6_access_type": "",
                "ipv6_address": "",
                "name": "nic0",
                "network": "https://www.googleapis.com/compute/v1/projects/impactful-post-402223/global/networks/default",
                "network_ip": "10.152.0.30",
                "nic_type": "",
                "queue_count": 0,
                "stack_type": "IPV4_ONLY",
                "subnetwork": "https://www.googleapis.com/compute/v1/projects/impactful-post-402223/regions/australia-southeast1/subnetworks/default",
                "subnetwork_project": "impactful-post-402223"
              }
            ],
            "network_performance_config": [],
            "params": [],
            "project": "impactful-post-402223",
            "reservation_affinity": [],
            "resource_policies": null,
            "scheduling": [
              {
                "automatic_restart": true,
                "instance_termination_action": "",
                "local_ssd_recovery_timeout": [],
                "min_node_cpus": 0,
                "node_affinities": [],
                "on_host_maintenance": "MIGRATE",
                "preemptible": false,
                "provisioning_model": "STANDARD"
              }
            ],
            "scratch_disk": [],
            "self_link": "https://www.googleapis.com/compute/v1/projects/impactful-post-402223/zones/australia-southeast1-a/instances/backend-vm-from-terraform",
            "service_account": [],
            "shielded_instance_config": [
              {
                "enable_integrity_monitoring": true,
                "enable_secure_boot": false,
                "enable_vtpm": true
              }
            ],
            "tags": null,
            "tags_fingerprint": "42WmSpB8rSM=",
            "terraform_labels": {},
            "timeouts": null,
            "zone": "australia-southeast1-a"
          },
          "sensitive_attributes": [],
          "private": "eyJlMmJmYjczMC1lY2FhLTExZTYtOGY4OC0zNDM2M2JjN2M0YzAiOnsiY3JlYXRlIjoxMjAwMDAwMDAwMDAwLCJkZWxldGUiOjEyMDAwMDAwMDAwMDAsInVwZGF0ZSI6MTIwMDAwMDAwMDAwMH0sInNjaGVtYV92ZXJzaW9uIjoiNiJ9"
        }
      ]
    },
    {
      "mode": "managed",
      "type": "google_compute_instance",
      "name": "frontend-vm-from-terraform",
      "provider": "provider[\"registry.terraform.io/hashicorp/google\"]",
      "instances": [
        {
          "schema_version": 6,
          "attributes": {
            "advanced_machine_features": [],
            "allow_stopping_for_update": null,
            "attached_disk": [],
            "boot_disk": [
              {
                "auto_delete": true,
                "device_name": "persistent-disk-0",
                "disk_encryption_key_raw": "",
                "disk_encryption_key_sha256": "",
                "initialize_params": [
                  {
                    "image": "https://www.googleapis.com/compute/v1/projects/debian-cloud/global/images/debian-11-bullseye-v20231010",
                    "labels": {
                      "my_label": "value"
                    },
                    "resource_manager_tags": null,
                    "size": 10,
                    "type": "pd-standard"
                  }
                ],
                "kms_key_self_link": "",
                "mode": "READ_WRITE",
                "source": "https://www.googleapis.com/compute/v1/projects/impactful-post-402223/zones/australia-southeast1-a/disks/frontend-vm-from-terraform"
              }
            ],
            "can_ip_forward": false,
            "confidential_instance_config": [],
            "cpu_platform": "Intel Broadwell",
            "current_status": "RUNNING",
            "deletion_protection": false,
            "description": "",
            "desired_status": null,
            "effective_labels": {},
            "enable_display": false,
            "guest_accelerator": [],
            "hostname": "",
            "id": "projects/impactful-post-402223/zones/australia-southeast1-a/instances/frontend-vm-from-terraform",
            "instance_id": "4998167206299869794",
            "label_fingerprint": "42WmSpB8rSM=",
            "labels": null,
            "machine_type": "e2-medium",
            "metadata": null,
            "metadata_fingerprint": "favZFORQL2Y=",
            "metadata_startup_script": "#!/bin/bash\r\nif [ ! -f /var/run/my_script_ran_before ]; then\r\n    # Mark that the script has run before\r\n    sudo touch /var/run/my_script_ran_before\r\n\r\n    # Install the Ops Agent\r\n    curl -sSO https://dl.google.com/cloudagents/add-google-cloud-ops-agent-repo.sh\r\n    sudo bash add-google-cloud-ops-agent-repo.sh --also-install\r\n    sudo apt-get update\r\n    sudo apt-get -y install ops-agent\r\n\r\n    # Execute the desired script\r\n    cd /\r\n    apt-get -y update\r\n    apt-get -y install pip\r\n    apt-get -y install git\r\n    apt-get -y install npm\r\n    cd /\r\n    git clone https://github.com/yilong100/GoApp.git\r\n    cd /\r\n    cd GoApp/frontend/react-app/\r\n    npm install\r\n    npm start\r\nfi\r\n",
            "min_cpu_platform": "",
            "name": "frontend-vm-from-terraform",
            "network_interface": [
              {
                "access_config": [
                  {
                    "nat_ip": "35.244.104.175",
                    "network_tier": "PREMIUM",
                    "public_ptr_domain_name": ""
                  }
                ],
                "alias_ip_range": [],
                "internal_ipv6_prefix_length": 0,
                "ipv6_access_config": [],
                "ipv6_access_type": "",
                "ipv6_address": "",
                "name": "nic0",
                "network": "https://www.googleapis.com/compute/v1/projects/impactful-post-402223/global/networks/default",
                "network_ip": "10.152.0.31",
                "nic_type": "",
                "queue_count": 0,
                "stack_type": "IPV4_ONLY",
                "subnetwork": "https://www.googleapis.com/compute/v1/projects/impactful-post-402223/regions/australia-southeast1/subnetworks/default",
                "subnetwork_project": "impactful-post-402223"
              }
            ],
            "network_performance_config": [],
            "params": [],
            "project": "impactful-post-402223",
            "reservation_affinity": [],
            "resource_policies": null,
            "scheduling": [
              {
                "automatic_restart": true,
                "instance_termination_action": "",
                "local_ssd_recovery_timeout": [],
                "min_node_cpus": 0,
                "node_affinities": [],
                "on_host_maintenance": "MIGRATE",
                "preemptible": false,
                "provisioning_model": "STANDARD"
              }
            ],
            "scratch_disk": [],
            "self_link": "https://www.googleapis.com/compute/v1/projects/impactful-post-402223/zones/australia-southeast1-a/instances/frontend-vm-from-terraform",
            "service_account": [],
            "shielded_instance_config": [
              {
                "enable_integrity_monitoring": true,
                "enable_secure_boot": false,
                "enable_vtpm": true
              }
            ],
            "tags": null,
            "tags_fingerprint": "42WmSpB8rSM=",
            "terraform_labels": {},
            "timeouts": null,
            "zone": "australia-southeast1-a"
          },
          "sensitive_attributes": [],
          "private": "eyJlMmJmYjczMC1lY2FhLTExZTYtOGY4OC0zNDM2M2JjN2M0YzAiOnsiY3JlYXRlIjoxMjAwMDAwMDAwMDAwLCJkZWxldGUiOjEyMDAwMDAwMDAwMDAsInVwZGF0ZSI6MTIwMDAwMDAwMDAwMH0sInNjaGVtYV92ZXJzaW9uIjoiNiJ9",
          "dependencies": [
            "google_compute_instance.backend-vm-from-terraform"
          ]
        }
      ]
    },
    {
      "mode": "managed",
      "type": "null_resource",
      "name": "save_backend_ip_to_file",
      "provider": "provider[\"registry.terraform.io/hashicorp/null\"]",
      "instances": [
        {
          "schema_version": 0,
          "attributes": {
            "id": "2762950364362128169",
            "triggers": {
              "instance_id": "projects/impactful-post-402223/zones/australia-southeast1-a/instances/backend-vm-from-terraform"
            }
          },
          "sensitive_attributes": [],
          "dependencies": [
            "google_compute_instance.backend-vm-from-terraform"
          ]
        }
      ]
    }
  ],
  "check_results": null
}
