{
  "version": 4,
  "terraform_version": "1.5.7",
  "serial": 39,
  "lineage": "05f969f6-3844-9d4a-44cb-dd71bbf19b14",
  "outputs": {},
  "resources": [
    {
      "mode": "managed",
      "type": "google_compute_instance",
      "name": "backend-vm-from-terraform",
      "provider": "provider[\"registry.terraform.io/hashicorp/google\"]",
      "instances": [
        {
          "schema_version": 6,
          "attributes": {
            "advanced_machine_features": [],
            "allow_stopping_for_update": null,
            "attached_disk": [],
            "boot_disk": [
              {
                "auto_delete": true,
                "device_name": "persistent-disk-0",
                "disk_encryption_key_raw": "",
                "disk_encryption_key_sha256": "",
                "initialize_params": [
                  {
                    "image": "https://www.googleapis.com/compute/v1/projects/debian-cloud/global/images/debian-11-bullseye-v20231010",
                    "labels": {
                      "my_label": "value"
                    },
                    "resource_manager_tags": null,
                    "size": 10,
                    "type": "pd-standard"
                  }
                ],
                "kms_key_self_link": "",
                "mode": "READ_WRITE",
                "source": "https://www.googleapis.com/compute/v1/projects/playground-s-11-fdeff281/zones/australia-southeast1-a/disks/backend-vm-from-terraform"
              }
            ],
            "can_ip_forward": false,
            "confidential_instance_config": [],
            "cpu_platform": "Intel Broadwell",
            "current_status": "RUNNING",
            "deletion_protection": false,
            "description": "",
            "desired_status": null,
            "effective_labels": {},
            "enable_display": false,
            "guest_accelerator": [],
            "hostname": "",
            "id": "projects/playground-s-11-fdeff281/zones/australia-southeast1-a/instances/backend-vm-from-terraform",
            "instance_id": "4506834883352118411",
            "label_fingerprint": "42WmSpB8rSM=",
            "labels": null,
            "machine_type": "e2-medium",
            "metadata": null,
            "metadata_fingerprint": "AKx8j3Z8k0k=",
            "metadata_startup_script": "#!/bin/bash\nif [ ! -f /var/run/my_script_ran_before ]; then\n    # Mark that the script has run before\n    sudo touch /var/run/my_script_ran_before\n\n    # Execute the desired script\n    cd /\n    wget https://go.dev/dl/go1.21.3.linux-amd64.tar.gz\n    tar -C /usr/local -xzf go1.21.3.linux-amd64.tar.gz\n    mkdir /root/go\n    export GOPATH=/root/go\n    export GOCACHE=/root/go/cache\n    apt-get -y update\n    apt-get -y install pip\n    apt-get -y install git\n    apt-get -y install golang\n    apt-get -y install gnupg curl\n    curl -fsSL https://pgp.mongodb.com/server-7.0.asc | gpg -o /usr/share/keyrings/mongodb-server-7.0.gpg --dearmor\n    echo \"deb [ signed-by=/usr/share/keyrings/mongodb-server-7.0.gpg ] http://repo.mongodb.org/apt/debian bullseye/mongodb-org/7.0 main\" | tee /etc/apt/sources.list.d/mongodb-org-7.0.list\n    apt-get -y update\n    apt-get install -y mongodb-org\n    echo \"mongodb-org hold\" | dpkg --set-selections\n    echo \"mongodb-org-database hold\" | dpkg --set-selections\n    echo \"mongodb-org-server hold\" | dpkg --set-selections\n    echo \"mongodb-mongosh hold\" | dpkg --set-selections\n    echo \"mongodb-org-mongos hold\" | dpkg --set-selections\n    echo \"mongodb-org-tools hold\" | dpkg --set-selections\n    systemctl start mongod\n    systemctl daemon-reload\n    systemctl enable mongod\n    cd /\n    git clone https://github.com/yilong100/GoApp.git\n    cd /\n    cd GoApp/backend/\n    go mod init github.com/yilong100/GoApp.git\n    go build\n    ./GoPractice \u0026\nfi\n",
            "min_cpu_platform": "",
            "name": "backend-vm-from-terraform",
            "network_interface": [
              {
                "access_config": [
                  {
                    "nat_ip": "34.87.225.219",
                    "network_tier": "PREMIUM",
                    "public_ptr_domain_name": ""
                  }
                ],
                "alias_ip_range": [],
                "internal_ipv6_prefix_length": 0,
                "ipv6_access_config": [],
                "ipv6_access_type": "",
                "ipv6_address": "",
                "name": "nic0",
                "network": "https://www.googleapis.com/compute/v1/projects/playground-s-11-fdeff281/global/networks/default",
                "network_ip": "10.152.0.18",
                "nic_type": "",
                "queue_count": 0,
                "stack_type": "IPV4_ONLY",
                "subnetwork": "https://www.googleapis.com/compute/v1/projects/playground-s-11-fdeff281/regions/australia-southeast1/subnetworks/default",
                "subnetwork_project": "playground-s-11-fdeff281"
              }
            ],
            "network_performance_config": [],
            "params": [],
            "project": "playground-s-11-fdeff281",
            "reservation_affinity": [],
            "resource_policies": null,
            "scheduling": [
              {
                "automatic_restart": true,
                "instance_termination_action": "",
                "local_ssd_recovery_timeout": [],
                "min_node_cpus": 0,
                "node_affinities": [],
                "on_host_maintenance": "MIGRATE",
                "preemptible": false,
                "provisioning_model": "STANDARD"
              }
            ],
            "scratch_disk": [],
            "self_link": "https://www.googleapis.com/compute/v1/projects/playground-s-11-fdeff281/zones/australia-southeast1-a/instances/backend-vm-from-terraform",
            "service_account": [],
            "shielded_instance_config": [
              {
                "enable_integrity_monitoring": true,
                "enable_secure_boot": false,
                "enable_vtpm": true
              }
            ],
            "tags": null,
            "tags_fingerprint": "42WmSpB8rSM=",
            "terraform_labels": {},
            "timeouts": null,
            "zone": "australia-southeast1-a"
          },
          "sensitive_attributes": [],
          "private": "eyJlMmJmYjczMC1lY2FhLTExZTYtOGY4OC0zNDM2M2JjN2M0YzAiOnsiY3JlYXRlIjoxMjAwMDAwMDAwMDAwLCJkZWxldGUiOjEyMDAwMDAwMDAwMDAsInVwZGF0ZSI6MTIwMDAwMDAwMDAwMH0sInNjaGVtYV92ZXJzaW9uIjoiNiJ9"
        }
      ]
    },
    {
      "mode": "managed",
      "type": "google_compute_instance",
      "name": "frontend-vm-from-terraform",
      "provider": "provider[\"registry.terraform.io/hashicorp/google\"]",
      "instances": [
        {
          "schema_version": 6,
          "attributes": {
            "advanced_machine_features": [],
            "allow_stopping_for_update": null,
            "attached_disk": [],
            "boot_disk": [
              {
                "auto_delete": true,
                "device_name": "persistent-disk-0",
                "disk_encryption_key_raw": "",
                "disk_encryption_key_sha256": "",
                "initialize_params": [
                  {
                    "image": "https://www.googleapis.com/compute/v1/projects/debian-cloud/global/images/debian-11-bullseye-v20231010",
                    "labels": {
                      "my_label": "value"
                    },
                    "resource_manager_tags": null,
                    "size": 10,
                    "type": "pd-standard"
                  }
                ],
                "kms_key_self_link": "",
                "mode": "READ_WRITE",
                "source": "https://www.googleapis.com/compute/v1/projects/playground-s-11-fdeff281/zones/australia-southeast1-a/disks/frontend-vm-from-terraform"
              }
            ],
            "can_ip_forward": false,
            "confidential_instance_config": [],
            "cpu_platform": "Intel Broadwell",
            "current_status": "RUNNING",
            "deletion_protection": false,
            "description": "",
            "desired_status": null,
            "effective_labels": {},
            "enable_display": false,
            "guest_accelerator": [],
            "hostname": "",
            "id": "projects/playground-s-11-fdeff281/zones/australia-southeast1-a/instances/frontend-vm-from-terraform",
            "instance_id": "7980392673289356426",
            "label_fingerprint": "42WmSpB8rSM=",
            "labels": null,
            "machine_type": "e2-medium",
            "metadata": null,
            "metadata_fingerprint": "TW1ktNk0yKQ=",
            "metadata_startup_script": "#!/bin/bash\nif [ ! -f /var/run/my_script_ran_before ]; then\n    # Mark that the script has run before\n    sudo touch /var/run/my_script_ran_before\n\n    # Execute the desired script\n    cd /\n    apt-get -y update\n    apt-get -y install pip\n    apt-get -y install git\n    apt-get -y install npm\n    cd /\n    git clone https://github.com/yilong100/GoApp.git\n    cd /\n    cd GoApp/frontend/react-app/\n    npm install\n    npm start\nfi\n",
            "min_cpu_platform": "",
            "name": "frontend-vm-from-terraform",
            "network_interface": [
              {
                "access_config": [
                  {
                    "nat_ip": "35.197.171.194",
                    "network_tier": "PREMIUM",
                    "public_ptr_domain_name": ""
                  }
                ],
                "alias_ip_range": [],
                "internal_ipv6_prefix_length": 0,
                "ipv6_access_config": [],
                "ipv6_access_type": "",
                "ipv6_address": "",
                "name": "nic0",
                "network": "https://www.googleapis.com/compute/v1/projects/playground-s-11-fdeff281/global/networks/default",
                "network_ip": "10.152.0.19",
                "nic_type": "",
                "queue_count": 0,
                "stack_type": "IPV4_ONLY",
                "subnetwork": "https://www.googleapis.com/compute/v1/projects/playground-s-11-fdeff281/regions/australia-southeast1/subnetworks/default",
                "subnetwork_project": "playground-s-11-fdeff281"
              }
            ],
            "network_performance_config": [],
            "params": [],
            "project": "playground-s-11-fdeff281",
            "reservation_affinity": [],
            "resource_policies": null,
            "scheduling": [
              {
                "automatic_restart": true,
                "instance_termination_action": "",
                "local_ssd_recovery_timeout": [],
                "min_node_cpus": 0,
                "node_affinities": [],
                "on_host_maintenance": "MIGRATE",
                "preemptible": false,
                "provisioning_model": "STANDARD"
              }
            ],
            "scratch_disk": [],
            "self_link": "https://www.googleapis.com/compute/v1/projects/playground-s-11-fdeff281/zones/australia-southeast1-a/instances/frontend-vm-from-terraform",
            "service_account": [],
            "shielded_instance_config": [
              {
                "enable_integrity_monitoring": true,
                "enable_secure_boot": false,
                "enable_vtpm": true
              }
            ],
            "tags": null,
            "tags_fingerprint": "42WmSpB8rSM=",
            "terraform_labels": {},
            "timeouts": null,
            "zone": "australia-southeast1-a"
          },
          "sensitive_attributes": [],
          "private": "eyJlMmJmYjczMC1lY2FhLTExZTYtOGY4OC0zNDM2M2JjN2M0YzAiOnsiY3JlYXRlIjoxMjAwMDAwMDAwMDAwLCJkZWxldGUiOjEyMDAwMDAwMDAwMDAsInVwZGF0ZSI6MTIwMDAwMDAwMDAwMH0sInNjaGVtYV92ZXJzaW9uIjoiNiJ9"
        }
      ]
    }
  ],
  "check_results": null
}
